
Microsoft Visual Studio Solution File, Format Version 12.00
Project("{FAE04EC0-301F-11D3-BF4B-00C04F79EFBC}") = "CountryAPI", "CountryAPI\CountryAPI.csproj", "{33D929C9-D440-459B-A832-F1E84770ADCB}"
EndProject
Global
	GlobalSection(SolutionConfigurationPlatforms) = preSolution
		Debug|Any CPU = Debug|Any CPU
		Release|Any CPU = Release|Any CPU
	EndGlobalSection
	GlobalSection(ProjectConfigurationPlatforms) = postSolution
		{33D929C9-D440-459B-A832-F1E84770ADCB}.Debug|Any CPU.ActiveCfg = Debug|Any CPU
		{33D929C9-D440-459B-A832-F1E84770ADCB}.Debug|Any CPU.Build.0 = Debug|Any CPU
		{33D929C9-D440-459B-A832-F1E84770ADCB}.Release|Any CPU.ActiveCfg = Release|Any CPU
		{33D929C9-D440-459B-A832-F1E84770ADCB}.Release|Any CPU.Build.0 = Release|Any CPU
	EndGlobalSection
EndGlobal
